
Microsoft Visual Studio Solution File, Format Version 12.00
# Visual Studio Version 17
VisualStudioVersion = 17.13.35931.197 d17.13
MinimumVisualStudioVersion = 10.0.40219.1
Project("{FAE04EC0-301F-11D3-BF4B-00C04F79EFBC}") = "EmployeesManager", "EmployeesManager\EmployeesManager.csproj", "{EFB35FDB-E719-4639-8C7A-37EA1DE07A9A}"
EndProject
Global
	GlobalSection(SolutionConfigurationPlatforms) = preSolution
		Debug|Any CPU = Debug|Any CPU
		Release|Any CPU = Release|Any CPU
	EndGlobalSection
	GlobalSection(ProjectConfigurationPlatforms) = postSolution
		{EFB35FDB-E719-4639-8C7A-37EA1DE07A9A}.Debug|Any CPU.ActiveCfg = Debug|Any CPU
		{EFB35FDB-E719-4639-8C7A-37EA1DE07A9A}.Debug|Any CPU.Build.0 = Debug|Any CPU
		{EFB35FDB-E719-4639-8C7A-37EA1DE07A9A}.Release|Any CPU.ActiveCfg = Release|Any CPU
		{EFB35FDB-E719-4639-8C7A-37EA1DE07A9A}.Release|Any CPU.Build.0 = Release|Any CPU
	EndGlobalSection
	GlobalSection(SolutionProperties) = preSolution
		HideSolutionNode = FALSE
	EndGlobalSection
	GlobalSection(ExtensibilityGlobals) = postSolution
		SolutionGuid = {962CBBB9-D394-4DE3-8732-FEB5EEC957F3}
	EndGlobalSection
EndGlobal
